
Microsoft Visual Studio Solution File, Format Version 12.00
# Visual Studio Version 17
VisualStudioVersion = 17.11.35222.181
MinimumVisualStudioVersion = 10.0.40219.1
Project("{FAE04EC0-301F-11D3-BF4B-00C04F79EFBC}") = "cs10", "ggggg\cs10.csproj", "{F317DA05-CD89-46CA-BFF7-4FBB3F05964C}"
EndProject
Global
	GlobalSection(SolutionConfigurationPlatforms) = preSolution
		Debug|Any CPU = Debug|Any CPU
		Release|Any CPU = Release|Any CPU
	EndGlobalSection
	GlobalSection(ProjectConfigurationPlatforms) = postSolution
		{F317DA05-CD89-46CA-BFF7-4FBB3F05964C}.Debug|Any CPU.ActiveCfg = Debug|Any CPU
		{F317DA05-CD89-46CA-BFF7-4FBB3F05964C}.Debug|Any CPU.Build.0 = Debug|Any CPU
		{F317DA05-CD89-46CA-BFF7-4FBB3F05964C}.Release|Any CPU.ActiveCfg = Release|Any CPU
		{F317DA05-CD89-46CA-BFF7-4FBB3F05964C}.Release|Any CPU.Build.0 = Release|Any CPU
	EndGlobalSection
	GlobalSection(SolutionProperties) = preSolution
		HideSolutionNode = FALSE
	EndGlobalSection
	GlobalSection(ExtensibilityGlobals) = postSolution
		SolutionGuid = {7A38D183-2E0E-49E6-96F1-58B72DE442E2}
	EndGlobalSection
EndGlobal
